
Microsoft Visual Studio Solution File, Format Version 12.00
# Visual Studio 2015
Project("{FAE04EC0-301F-11D3-BF4B-00C04F79EFBC}") = "VNJIngressos", "VNJIngressos.csproj", "{98D30415-D41B-47FA-B3A9-868A491836AD}"
EndProject
Global
	GlobalSection(SolutionConfigurationPlatforms) = preSolution
		Debug|Any CPU = Debug|Any CPU
		Release|Any CPU = Release|Any CPU
	EndGlobalSection
	GlobalSection(ProjectConfigurationPlatforms) = postSolution
		{98D30415-D41B-47FA-B3A9-868A491836AD}.Debug|Any CPU.ActiveCfg = Debug|Any CPU
		{98D30415-D41B-47FA-B3A9-868A491836AD}.Debug|Any CPU.Build.0 = Debug|Any CPU
		{98D30415-D41B-47FA-B3A9-868A491836AD}.Release|Any CPU.ActiveCfg = Release|Any CPU
		{98D30415-D41B-47FA-B3A9-868A491836AD}.Release|Any CPU.Build.0 = Release|Any CPU
	EndGlobalSection
	GlobalSection(SolutionProperties) = preSolution
		HideSolutionNode = FALSE
	EndGlobalSection
EndGlobal
